// !$*UTF8*$!
{
	archiveVersion = 1;
	classes = {
	};
	objectVersion = 56;
	objects = {

/* Begin PBXBuildFile section */
		BF01 /* Top.swift in Sources */ = {isa = PBXBuildFile; fileRef = AB01 /* Top.swift */; };
		BF02 /* Odd.swift in Sources */ = {isa = PBXBuildFile; fileRef = AB02 /* Odd.swift */; };
/* End PBXBuildFile section */

/* Begin PBXFileReference section */
		AB01 /* Top.swift */ = {isa = PBXFileReference; lastKnownFileType = sourcecode.swift; path = Top.swift; sourceTree = "<group>"; };
		AB02 /* Odd.swift */ = {isa = PBXFileReference; lastKnownFileType = sourcecode.swift; path = Odd.swift; sourceTree = "<group>"; };
/* End PBXFileReference section */

/* Begin PBXGroup section */
		G001 = {
			isa = PBXGroup;
			children = (
				AB01 /* Top.swift */,
				G002 /* Products */,
				G003 /* Empty */,
			);
			sourceTree = "<group>";
		};
		G002 /* Products */ = {
			isa = PBXGroup;
			children = (
				AB02 /* Odd.swift */,
			);
			name = Products;
			sourceTree = "<group>";
		};
		G003 /* Empty */ = {
			isa = PBXGroup;
			children = (
			);
			name = Empty;
			sourceTree = "<group>";
		};
/* End PBXGroup section */

/* Begin PBXNativeTarget section */
		T001 /* App */ = {
			isa = PBXNativeTarget;
			buildPhases = (
				S001 /* Sources */,
			);
			name = App;
			productName = App;
			productType = "com.apple.product-type.application";
		};
/* End PBXNativeTarget section */

/* Begin PBXProject section */
		P001 /* Project object */ = {
			isa = PBXProject;
			mainGroup = G001;
			productRefGroup = G002 /* Products */;
			targets = (
				T001 /* App */,
			);
		};
/* End PBXProject section */

/* Begin PBXSourcesBuildPhase section */
		S001 /* Sources */ = {
			isa = PBXSourcesBuildPhase;
			files = (
				BF01 /* Top.swift in Sources */,
				BF02 /* Odd.swift in Sources */,
			);
		};
/* End PBXSourcesBuildPhase section */
	};
	rootObject = P001 /* Project object */;
}
