// !$*UTF8*$!
{
	archiveVersion = 1;
	classes = {
	};
	objectVersion = 77;
	objects = {

/* Begin PBXBuildFile section */
		BB0000000000000000000010 /* AppMain.swift in Sources */ = {isa = PBXBuildFile; fileRef = AA0000000000000000000110 /* AppMain.swift */; };
		BB0000000000000000000020 /* Foo.swift in Sources */ = {isa = PBXBuildFile; fileRef = AA0000000000000000000120 /* Foo.swift */; };
		BB0000000000000000000030 /* Shared.swift in Sources */ = {isa = PBXBuildFile; fileRef = AA0000000000000000000130 /* Shared.swift */; };
		BB0000000000000000000040 /* Shared.swift in Sources */ = {isa = PBXBuildFile; fileRef = AA0000000000000000000130 /* Shared.swift */; platformFilters = (ios, maccatalyst, ); };
		BB0000000000000000000050 /* ExtensionMain.swift in Sources */ = {isa = PBXBuildFile; fileRef = AA0000000000000000000200 /* ExtensionMain.swift */; };
		BB0000000000000000000060 /* FooTests.swift in Sources */ = {isa = PBXBuildFile; fileRef = AA0000000000000000000140 /* FooTests.swift */; };
		BB0000000000000000000070 /* Bar.swift in Sources */ = {isa = PBXBuildFile; fileRef = AA0000000000000000000150 /* Bar.swift */; };
		BB0000000000000000000080 /* Foundation.framework in Frameworks */ = {isa = PBXBuildFile; fileRef = AA0000000000000000000160 /* Foundation.framework */; };
		BB0000000000000000000090 /* Localizable.strings in Resources */ = {isa = PBXBuildFile; fileRef = AA0000000000000000000201 /* Localizable.strings */; };
		BB0000000000000000000100 /* Assets.xcassets in Resources */ = {isa = PBXBuildFile; fileRef = AA0000000000000000000220 /* Assets.xcassets */; };
		BB0000000000000000000110 /* Rate.swift in Sources */ = {isa = PBXBuildFile; fileRef = AA0000000000000000000230 /* Rate.swift */; };
		BB0000000000000000000111 /* Fetch.swift in Sources */ = {isa = PBXBuildFile; fileRef = AA0000000000000000000231 /* Fetch.swift */; };
		BB0000000000000000000112 /* Cache.swift in Sources */ = {isa = PBXBuildFile; fileRef = AA0000000000000000000232 /* Cache.swift */; };
		BB0000000000000000000113 /* Cache.swift in Sources */ = {isa = PBXBuildFile; fileRef = AA0000000000000000000232 /* Cache.swift */; };
		BB0000000000000000000120 /* TV1.swift in Sources */ = {isa = PBXBuildFile; fileRef = AA0000000000000000000240 /* TV1.swift */; platformFilters = (tvos, ); };
		BB0000000000000000000121 /* TV2.swift in Sources */ = {isa = PBXBuildFile; fileRef = AA0000000000000000000241 /* TV2.swift */; platformFilters = (tvos, ); };
		BB0000000000000000000130 /* OnlyApp.swift in Sources */ = {isa = PBXBuildFile; fileRef = AA0000000000000000000250 /* OnlyApp.swift */; platformFilters = (macos, ); };
		BB0000000000000000000131 /* OnlyExt.swift in Sources */ = {isa = PBXBuildFile; fileRef = AA0000000000000000000251 /* OnlyExt.swift */; platformFilter = ios; };
		BB0000000000000000000140 /* F1.swift in Sources */ = {isa = PBXBuildFile; fileRef = AA0000000000000000000260 /* F1.swift */; platformFilter = ios; };
		BB0000000000000000000141 /* F2.swift in Sources */ = {isa = PBXBuildFile; fileRef = AA0000000000000000000261 /* F2.swift */; platformFilter = maccatalyst; };
		BB0000000000000000000150 /* AppKit.h in Headers */ = {isa = PBXBuildFile; fileRef = AA0000000000000000000270 /* AppKit.h */; settings = {ATTRIBUTES = (Public, ); }; };
		BB0000000000000000000151 /* Kit.swift in Sources */ = {isa = PBXBuildFile; fileRef = AA0000000000000000000271 /* Kit.swift */; platformFilter = maccatalyst; };
		BB0000000000000000000160 /* Thing.swift in Sources */ = {isa = PBXBuildFile; fileRef = AA0000000000000000000280 /* Thing.swift */; };
		BB0000000000000000000170 /* SlowTests.swift in Sources */ = {isa = PBXBuildFile; fileRef = AA0000000000000000000300 /* SlowTests.swift */; };
		BB0000000000000000000180 /* RateTests.swift in Sources */ = {isa = PBXBuildFile; fileRef = AA0000000000000000000310 /* RateTests.swift */; };
		BB0000000000000000000190 /* Panel.swift in Sources */ = {isa = PBXBuildFile; fileRef = AA0000000000000000000320 /* Panel.swift */; platformFilters = (ios, maccatalyst, ); };
		BB0000000000000000000200 /* Common.swift in Sources */ = {isa = PBXBuildFile; fileRef = AA0000000000000000000330 /* Common.swift */; platformFilters = (ios, tvos, ); };
		BB0000000000000000000210 /* StateTests.swift in Sources */ = {isa = PBXBuildFile; fileRef = AA0000000000000000000340 /* StateTests.swift */; };
		BB0000000000000000000220 /* Top.swift in Sources */ = {isa = PBXBuildFile; fileRef = AA0000000000000000000350 /* Top.swift */; };
		BB0000000000000000000221 /* A1.swift in Sources */ = {isa = PBXBuildFile; fileRef = AA0000000000000000000351 /* A1.swift */; };
		BB0000000000000000000222 /* A2.swift in Sources */ = {isa = PBXBuildFile; fileRef = AA0000000000000000000352 /* A2.swift */; };
		BB0000000000000000000223 /* B1.swift in Sources */ = {isa = PBXBuildFile; fileRef = AA0000000000000000000353 /* B1.swift */; };
		BB0000000000000000000224 /* B2.swift in Sources */ = {isa = PBXBuildFile; fileRef = AA0000000000000000000354 /* B2.swift */; };
		BB0000000000000000000240 /* User.swift in Sources */ = {isa = PBXBuildFile; fileRef = AA0000000000000000000370 /* User.swift */; };
		BB0000000000000000000250 /* Old.swift in Sources */ = {isa = PBXBuildFile; fileRef = AA0000000000000000000380 /* Old.swift */; };
/* End PBXBuildFile section */

/* Begin PBXFileReference section */
		AA0000000000000000000110 /* AppMain.swift */ = {isa = PBXFileReference; lastKnownFileType = sourcecode.swift; path = AppMain.swift; sourceTree = "<group>"; };
		AA0000000000000000000120 /* Foo.swift */ = {isa = PBXFileReference; lastKnownFileType = sourcecode.swift; path = Foo.swift; sourceTree = "<group>"; };
		AA0000000000000000000130 /* Shared.swift */ = {isa = PBXFileReference; lastKnownFileType = sourcecode.swift; path = Shared.swift; sourceTree = "<group>"; };
		AA0000000000000000000140 /* FooTests.swift */ = {isa = PBXFileReference; lastKnownFileType = sourcecode.swift; name = FooTests.swift; path = AppTests/Views/FooTests.swift; sourceTree = SOURCE_ROOT; };
		AA0000000000000000000150 /* Bar.swift */ = {isa = PBXFileReference; lastKnownFileType = sourcecode.swift; path = Bar.swift; sourceTree = "<group>"; };
		AA0000000000000000000160 /* Foundation.framework */ = {isa = PBXFileReference; lastKnownFileType = wrapper.framework; name = Foundation.framework; path = System/Library/Frameworks/Foundation.framework; sourceTree = SDKROOT; };
		AA0000000000000000000170 /* App.app */ = {isa = PBXFileReference; explicitFileType = wrapper.application; includeInIndex = 0; path = App.app; sourceTree = BUILT_PRODUCTS_DIR; };
		AA0000000000000000000180 /* AppExtension.appex */ = {isa = PBXFileReference; explicitFileType = "wrapper.app-extension"; includeInIndex = 0; path = AppExtension.appex; sourceTree = BUILT_PRODUCTS_DIR; };
		AA0000000000000000000190 /* AppTests.xctest */ = {isa = PBXFileReference; explicitFileType = wrapper.cfbundle; includeInIndex = 0; path = AppTests.xctest; sourceTree = BUILT_PRODUCTS_DIR; };
		AA0000000000000000000195 /* AppKit.framework */ = {isa = PBXFileReference; explicitFileType = wrapper.framework; includeInIndex = 0; path = AppKit.framework; sourceTree = BUILT_PRODUCTS_DIR; };
		AA0000000000000000000196 /* AppSlowTests.xctest */ = {isa = PBXFileReference; explicitFileType = wrapper.cfbundle; includeInIndex = 0; path = AppSlowTests.xctest; sourceTree = BUILT_PRODUCTS_DIR; };
		AA0000000000000000000200 /* ExtensionMain.swift */ = {isa = PBXFileReference; lastKnownFileType = sourcecode.swift; path = ExtensionMain.swift; sourceTree = "<group>"; };
		AA0000000000000000000210 /* en */ = {isa = PBXFileReference; lastKnownFileType = text.plist.strings; name = en; path = en.lproj/Localizable.strings; sourceTree = "<group>"; };
		AA0000000000000000000220 /* Assets.xcassets */ = {isa = PBXFileReference; lastKnownFileType = folder.assetcatalog; path = Assets.xcassets; sourceTree = "<group>"; };
		AA0000000000000000000230 /* Rate.swift */ = {isa = PBXFileReference; lastKnownFileType = sourcecode.swift; path = Rate.swift; sourceTree = "<group>"; };
		AA0000000000000000000231 /* Fetch.swift */ = {isa = PBXFileReference; lastKnownFileType = sourcecode.swift; path = Fetch.swift; sourceTree = "<group>"; };
		AA0000000000000000000232 /* Cache.swift */ = {isa = PBXFileReference; lastKnownFileType = sourcecode.swift; path = Cache.swift; sourceTree = "<group>"; };
		AA0000000000000000000240 /* TV1.swift */ = {isa = PBXFileReference; lastKnownFileType = sourcecode.swift; path = TV1.swift; sourceTree = "<group>"; };
		AA0000000000000000000241 /* TV2.swift */ = {isa = PBXFileReference; lastKnownFileType = sourcecode.swift; path = TV2.swift; sourceTree = "<group>"; };
		AA0000000000000000000250 /* OnlyApp.swift */ = {isa = PBXFileReference; lastKnownFileType = sourcecode.swift; path = OnlyApp.swift; sourceTree = "<group>"; };
		AA0000000000000000000251 /* OnlyExt.swift */ = {isa = PBXFileReference; lastKnownFileType = sourcecode.swift; path = OnlyExt.swift; sourceTree = "<group>"; };
		AA0000000000000000000260 /* F1.swift */ = {isa = PBXFileReference; lastKnownFileType = sourcecode.swift; path = F1.swift; sourceTree = "<group>"; };
		AA0000000000000000000261 /* F2.swift */ = {isa = PBXFileReference; lastKnownFileType = sourcecode.swift; path = F2.swift; sourceTree = "<group>"; };
		AA0000000000000000000270 /* AppKit.h */ = {isa = PBXFileReference; lastKnownFileType = sourcecode.c.h; path = AppKit.h; sourceTree = "<group>"; };
		AA0000000000000000000271 /* Kit.swift */ = {isa = PBXFileReference; lastKnownFileType = sourcecode.swift; path = Kit.swift; sourceTree = "<group>"; };
		AA0000000000000000000280 /* Thing.swift */ = {isa = PBXFileReference; lastKnownFileType = sourcecode.swift; path = Thing.swift; sourceTree = "<group>"; };
		AA0000000000000000000290 /* App.entitlements */ = {isa = PBXFileReference; lastKnownFileType = text.plist.entitlements; path = App.entitlements; sourceTree = "<group>"; };
		AA0000000000000000000300 /* SlowTests.swift */ = {isa = PBXFileReference; lastKnownFileType = sourcecode.swift; path = SlowTests.swift; sourceTree = "<group>"; };
		AA0000000000000000000310 /* RateTests.swift */ = {isa = PBXFileReference; lastKnownFileType = sourcecode.swift; path = RateTests.swift; sourceTree = "<group>"; };
		AA0000000000000000000320 /* Panel.swift */ = {isa = PBXFileReference; lastKnownFileType = sourcecode.swift; path = Panel.swift; sourceTree = "<group>"; };
		AA0000000000000000000330 /* Common.swift */ = {isa = PBXFileReference; lastKnownFileType = sourcecode.swift; path = Common.swift; sourceTree = "<group>"; };
		AA0000000000000000000340 /* StateTests.swift */ = {isa = PBXFileReference; lastKnownFileType = sourcecode.swift; name = StateTests.swift; path = AppTests/State/StateTests.swift; sourceTree = SOURCE_ROOT; };
		AA0000000000000000000350 /* Top.swift */ = {isa = PBXFileReference; lastKnownFileType = sourcecode.swift; path = Top.swift; sourceTree = "<group>"; };
		AA0000000000000000000351 /* A1.swift */ = {isa = PBXFileReference; lastKnownFileType = sourcecode.swift; path = A1.swift; sourceTree = "<group>"; };
		AA0000000000000000000352 /* A2.swift */ = {isa = PBXFileReference; lastKnownFileType = sourcecode.swift; path = A2.swift; sourceTree = "<group>"; };
		AA0000000000000000000353 /* B1.swift */ = {isa = PBXFileReference; lastKnownFileType = sourcecode.swift; path = B1.swift; sourceTree = "<group>"; };
		AA0000000000000000000354 /* B2.swift */ = {isa = PBXFileReference; lastKnownFileType = sourcecode.swift; path = B2.swift; sourceTree = "<group>"; };
		AA0000000000000000000370 /* User.swift */ = {isa = PBXFileReference; lastKnownFileType = sourcecode.swift; path = User.swift; sourceTree = "<group>"; };
		AA0000000000000000000380 /* Old.swift */ = {isa = PBXFileReference; lastKnownFileType = sourcecode.swift; path = Old.swift; sourceTree = "<group>"; };
/* End PBXFileReference section */

/* Begin PBXFileSystemSynchronizedRootGroup section */
		AA0000000000000000000301 /* Generated */ = {
			isa = PBXFileSystemSynchronizedRootGroup;
			path = Generated;
			sourceTree = "<group>";
		};
/* End PBXFileSystemSynchronizedRootGroup section */

/* Begin PBXFrameworksBuildPhase section */
		CC0000000000000000000002 /* Frameworks */ = {
			isa = PBXFrameworksBuildPhase;
			buildActionMask = 2147483647;
			files = (
				BB0000000000000000000080 /* Foundation.framework in Frameworks */,
			);
			runOnlyForDeploymentPostprocessing = 0;
		};
		CC0000000000000000000006 /* Frameworks */ = {
			isa = PBXFrameworksBuildPhase;
			buildActionMask = 2147483647;
			files = (
			);
			runOnlyForDeploymentPostprocessing = 0;
		};
		CC0000000000000000000009 /* Frameworks */ = {
			isa = PBXFrameworksBuildPhase;
			buildActionMask = 2147483647;
			files = (
			);
			runOnlyForDeploymentPostprocessing = 0;
		};
/* End PBXFrameworksBuildPhase section */

/* Begin PBXGroup section */
		AA0000000000000000000001 = {
			isa = PBXGroup;
			children = (
				AA0000000000000000000002 /* App */,
				AA0000000000000000000012 /* AppKit */,
				AA0000000000000000000004 /* Tests */,
				AA0000000000000000000028 /* AppSlowTests */,
				AA0000000000000000000007 /* Frameworks */,
				AA0000000000000000000008 /* Products */,
			);
			sourceTree = "<group>";
		};
		AA0000000000000000000002 /* App */ = {
			isa = PBXGroup;
			children = (
				AA0000000000000000000110 /* AppMain.swift */,
				AA0000000000000000000130 /* Shared.swift */,
				AA0000000000000000000380 /* Old.swift */,
				AA0000000000000000000290 /* App.entitlements */,
				AA0000000000000000000003 /* Views */,
				AA0000000000000000000009 /* Extension */,
				AA0000000000000000000010 /* Resources */,
				AA0000000000000000000013 /* Services */,
				AA0000000000000000000014 /* tvOS */,
				AA0000000000000000000015 /* Mixed */,
				AA0000000000000000000016 /* Filtered */,
				AA0000000000000000000017 /* Features */,
				AA0000000000000000000019 /* Empty */,
				AA0000000000000000000020 /* iOS */,
				AA0000000000000000000021 /* Shared */,
				AA0000000000000000000026 /* Models */,
				AA0000000000000000000301 /* Generated */,
			);
			path = App;
			sourceTree = "<group>";
		};
		AA0000000000000000000003 /* Views */ = {
			isa = PBXGroup;
			children = (
				AA0000000000000000000120 /* Foo.swift */,
				AA0000000000000000000023 /* Legacy */,
			);
			path = Views;
			sourceTree = "<group>";
		};
		AA0000000000000000000004 /* Tests */ = {
			isa = PBXGroup;
			children = (
				AA0000000000000000000005 /* AppTests */,
			);
			name = Tests;
			sourceTree = "<group>";
		};
		AA0000000000000000000005 /* AppTests */ = {
			isa = PBXGroup;
			children = (
				AA0000000000000000000006 /* Foo */,
				AA0000000000000000000011 /* Views */,
				AA0000000000000000000022 /* State */,
				AA0000000000000000000027 /* Services */,
			);
			path = AppTests;
			sourceTree = "<group>";
		};
		AA0000000000000000000006 /* Foo */ = {
			isa = PBXGroup;
			children = (
				AA0000000000000000000150 /* Bar.swift */,
			);
			path = Foo;
			sourceTree = "<group>";
		};
		AA0000000000000000000007 /* Frameworks */ = {
			isa = PBXGroup;
			children = (
				AA0000000000000000000160 /* Foundation.framework */,
			);
			name = Frameworks;
			sourceTree = "<group>";
		};
		AA0000000000000000000008 /* Products */ = {
			isa = PBXGroup;
			children = (
				AA0000000000000000000170 /* App.app */,
				AA0000000000000000000180 /* AppExtension.appex */,
				AA0000000000000000000190 /* AppTests.xctest */,
				AA0000000000000000000195 /* AppKit.framework */,
				AA0000000000000000000196 /* AppSlowTests.xctest */,
			);
			name = Products;
			sourceTree = "<group>";
		};
		AA0000000000000000000009 /* Extension */ = {
			isa = PBXGroup;
			children = (
				AA0000000000000000000200 /* ExtensionMain.swift */,
			);
			path = Extension;
			sourceTree = "<group>";
		};
		AA0000000000000000000010 /* Resources */ = {
			isa = PBXGroup;
			children = (
				AA0000000000000000000220 /* Assets.xcassets */,
				AA0000000000000000000201 /* Localizable.strings */,
			);
			path = Resources;
			sourceTree = "<group>";
		};
		AA0000000000000000000011 /* Views */ = {
			isa = PBXGroup;
			children = (
				AA0000000000000000000140 /* FooTests.swift */,
			);
			name = Views;
			sourceTree = "<group>";
		};
		AA0000000000000000000012 /* AppKit */ = {
			isa = PBXGroup;
			children = (
				AA0000000000000000000270 /* AppKit.h */,
				AA0000000000000000000271 /* Kit.swift */,
			);
			path = AppKit;
			sourceTree = "<group>";
		};
		AA0000000000000000000013 /* Services */ = {
			isa = PBXGroup;
			children = (
				AA0000000000000000000232 /* Cache.swift */,
				AA0000000000000000000231 /* Fetch.swift */,
				AA0000000000000000000230 /* Rate.swift */,
			);
			path = Services;
			sourceTree = "<group>";
		};
		AA0000000000000000000014 /* tvOS */ = {
			isa = PBXGroup;
			children = (
				AA0000000000000000000240 /* TV1.swift */,
				AA0000000000000000000241 /* TV2.swift */,
			);
			path = tvOS;
			sourceTree = "<group>";
		};
		AA0000000000000000000015 /* Mixed */ = {
			isa = PBXGroup;
			children = (
				AA0000000000000000000250 /* OnlyApp.swift */,
				AA0000000000000000000251 /* OnlyExt.swift */,
			);
			path = Mixed;
			sourceTree = "<group>";
		};
		AA0000000000000000000016 /* Filtered */ = {
			isa = PBXGroup;
			children = (
				AA0000000000000000000260 /* F1.swift */,
				AA0000000000000000000261 /* F2.swift */,
			);
			path = Filtered;
			sourceTree = "<group>";
		};
		AA0000000000000000000017 /* Features */ = {
			isa = PBXGroup;
			children = (
				AA0000000000000000000018 /* New */,
			);
			path = Features;
			sourceTree = "<group>";
		};
		AA0000000000000000000018 /* New */ = {
			isa = PBXGroup;
			children = (
				AA0000000000000000000280 /* Thing.swift */,
			);
			path = New;
			sourceTree = "<group>";
		};
		AA0000000000000000000019 /* Empty */ = {
			isa = PBXGroup;
			children = (
			);
			path = Empty;
			sourceTree = "<group>";
		};
		AA0000000000000000000020 /* iOS */ = {
			isa = PBXGroup;
			children = (
				AA0000000000000000000320 /* Panel.swift */,
			);
			path = iOS;
			sourceTree = "<group>";
		};
		AA0000000000000000000021 /* Shared */ = {
			isa = PBXGroup;
			children = (
				AA0000000000000000000330 /* Common.swift */,
			);
			path = Shared;
			sourceTree = "<group>";
		};
		AA0000000000000000000022 /* State */ = {
			isa = PBXGroup;
			children = (
				AA0000000000000000000340 /* StateTests.swift */,
			);
			name = State;
			sourceTree = "<group>";
		};
		AA0000000000000000000023 /* Legacy */ = {
			isa = PBXGroup;
			children = (
				AA0000000000000000000350 /* Top.swift */,
				AA0000000000000000000024 /* A */,
				AA0000000000000000000025 /* B */,
			);
			path = Legacy;
			sourceTree = "<group>";
		};
		AA0000000000000000000024 /* A */ = {
			isa = PBXGroup;
			children = (
				AA0000000000000000000351 /* A1.swift */,
				AA0000000000000000000352 /* A2.swift */,
			);
			path = A;
			sourceTree = "<group>";
		};
		AA0000000000000000000025 /* B */ = {
			isa = PBXGroup;
			children = (
				AA0000000000000000000353 /* B1.swift */,
				AA0000000000000000000354 /* B2.swift */,
			);
			path = B;
			sourceTree = "<group>";
		};
		AA0000000000000000000026 /* Models */ = {
			isa = PBXGroup;
			children = (
				AA0000000000000000000370 /* User.swift */,
			);
			path = Models;
			sourceTree = "<group>";
		};
		AA0000000000000000000027 /* Services */ = {
			isa = PBXGroup;
			children = (
				AA0000000000000000000310 /* RateTests.swift */,
			);
			path = Services;
			sourceTree = "<group>";
		};
		AA0000000000000000000028 /* AppSlowTests */ = {
			isa = PBXGroup;
			children = (
				AA0000000000000000000029 /* Services */,
			);
			path = AppSlowTests;
			sourceTree = "<group>";
		};
		AA0000000000000000000029 /* Services */ = {
			isa = PBXGroup;
			children = (
				AA0000000000000000000300 /* SlowTests.swift */,
			);
			path = Services;
			sourceTree = "<group>";
		};
/* End PBXGroup section */

/* Begin PBXHeadersBuildPhase section */
		CC0000000000000000000008 /* Headers */ = {
			isa = PBXHeadersBuildPhase;
			buildActionMask = 2147483647;
			files = (
				BB0000000000000000000150 /* AppKit.h in Headers */,
			);
			runOnlyForDeploymentPostprocessing = 0;
		};
/* End PBXHeadersBuildPhase section */

/* Begin PBXNativeTarget section */
		DD0000000000000000000001 /* App */ = {
			isa = PBXNativeTarget;
			buildConfigurationList = FF0000000000000000000002 /* Build configuration list for PBXNativeTarget "App" */;
			buildPhases = (
				CC0000000000000000000001 /* Sources */,
				CC0000000000000000000002 /* Frameworks */,
				CC0000000000000000000003 /* Resources */,
			);
			buildRules = (
			);
			dependencies = (
			);
			fileSystemSynchronizedGroups = (
				AA0000000000000000000301 /* Generated */,
			);
			name = App;
			productName = App;
			productReference = AA0000000000000000000170 /* App.app */;
			productType = "com.apple.product-type.application";
		};
		DD0000000000000000000002 /* AppExtension */ = {
			isa = PBXNativeTarget;
			buildConfigurationList = FF0000000000000000000003 /* Build configuration list for PBXNativeTarget "AppExtension" */;
			buildPhases = (
				CC0000000000000000000004 /* Sources */,
				CC0000000000000000000006 /* Frameworks */,
			);
			buildRules = (
			);
			dependencies = (
			);
			name = AppExtension;
			productName = AppExtension;
			productReference = AA0000000000000000000180 /* AppExtension.appex */;
			productType = "com.apple.product-type.app-extension";
		};
		DD0000000000000000000003 /* AppTests */ = {
			isa = PBXNativeTarget;
			buildConfigurationList = FF0000000000000000000004 /* Build configuration list for PBXNativeTarget "AppTests" */;
			buildPhases = (
				CC0000000000000000000005 /* Sources */,
			);
			buildRules = (
			);
			dependencies = (
			);
			name = AppTests;
			productName = AppTests;
			productReference = AA0000000000000000000190 /* AppTests.xctest */;
			productType = "com.apple.product-type.bundle.unit-test";
		};
		DD0000000000000000000004 /* AppKit */ = {
			isa = PBXNativeTarget;
			buildConfigurationList = FF0000000000000000000005 /* Build configuration list for PBXNativeTarget "AppKit" */;
			buildPhases = (
				CC0000000000000000000008 /* Headers */,
				CC0000000000000000000007 /* Sources */,
				CC0000000000000000000009 /* Frameworks */,
			);
			buildRules = (
			);
			dependencies = (
			);
			name = AppKit;
			productName = AppKit;
			productReference = AA0000000000000000000195 /* AppKit.framework */;
			productType = "com.apple.product-type.framework";
		};
		DD0000000000000000000005 /* AppSlowTests */ = {
			isa = PBXNativeTarget;
			buildConfigurationList = FF0000000000000000000006 /* Build configuration list for PBXNativeTarget "AppSlowTests" */;
			buildPhases = (
				CC0000000000000000000010 /* Sources */,
			);
			buildRules = (
			);
			dependencies = (
			);
			name = AppSlowTests;
			productName = AppSlowTests;
			productReference = AA0000000000000000000196 /* AppSlowTests.xctest */;
			productType = "com.apple.product-type.bundle.unit-test";
		};
/* End PBXNativeTarget section */

/* Begin PBXProject section */
		EE0000000000000000000001 /* Project object */ = {
			isa = PBXProject;
			attributes = {
				BuildIndependentTargetsInParallel = 1;
				LastUpgradeCheck = 2700;
			};
			buildConfigurationList = FF0000000000000000000001 /* Build configuration list for PBXProject "App" */;
			developmentRegion = en;
			hasScannedForEncodings = 0;
			knownRegions = (
				en,
				Base,
			);
			packageReferences = (
				EF0000000000000000000001 /* XCRemoteSwiftPackageReference */,
			);
			mainGroup = AA0000000000000000000001;
			preferredProjectObjectVersion = 77;
			productRefGroup = AA0000000000000000000008 /* Products */;
			projectDirPath = "";
			projectRoot = "";
			targets = (
				DD0000000000000000000001 /* App */,
				DD0000000000000000000002 /* AppExtension */,
				DD0000000000000000000003 /* AppTests */,
				DD0000000000000000000004 /* AppKit */,
				DD0000000000000000000005 /* AppSlowTests */,
			);
		};
/* End PBXProject section */

/* Begin PBXResourcesBuildPhase section */
		CC0000000000000000000003 /* Resources */ = {
			isa = PBXResourcesBuildPhase;
			buildActionMask = 2147483647;
			files = (
				BB0000000000000000000090 /* Localizable.strings in Resources */,
				BB0000000000000000000100 /* Assets.xcassets in Resources */,
			);
			runOnlyForDeploymentPostprocessing = 0;
		};
/* End PBXResourcesBuildPhase section */

/* Begin PBXSourcesBuildPhase section */
		CC0000000000000000000001 /* Sources */ = {
			isa = PBXSourcesBuildPhase;
			buildActionMask = 2147483647;
			files = (
				BB0000000000000000000010 /* AppMain.swift in Sources */,
				BB0000000000000000000020 /* Foo.swift in Sources */,
				BB0000000000000000000030 /* Shared.swift in Sources */,
				BB0000000000000000000110 /* Rate.swift in Sources */,
				BB0000000000000000000111 /* Fetch.swift in Sources */,
				BB0000000000000000000112 /* Cache.swift in Sources */,
				BB0000000000000000000120 /* TV1.swift in Sources */,
				BB0000000000000000000121 /* TV2.swift in Sources */,
				BB0000000000000000000130 /* OnlyApp.swift in Sources */,
				BB0000000000000000000140 /* F1.swift in Sources */,
				BB0000000000000000000141 /* F2.swift in Sources */,
				BB0000000000000000000160 /* Thing.swift in Sources */,
				BB0000000000000000000190 /* Panel.swift in Sources */,
				BB0000000000000000000200 /* Common.swift in Sources */,
				BB0000000000000000000220 /* Top.swift in Sources */,
				BB0000000000000000000221 /* A1.swift in Sources */,
				BB0000000000000000000222 /* A2.swift in Sources */,
				BB0000000000000000000223 /* B1.swift in Sources */,
				BB0000000000000000000224 /* B2.swift in Sources */,
				BB0000000000000000000240 /* User.swift in Sources */,
				BB0000000000000000000250 /* Old.swift in Sources */,
			);
			runOnlyForDeploymentPostprocessing = 0;
		};
		CC0000000000000000000004 /* Sources */ = {
			isa = PBXSourcesBuildPhase;
			buildActionMask = 2147483647;
			files = (
				BB0000000000000000000040 /* Shared.swift in Sources */,
				BB0000000000000000000050 /* ExtensionMain.swift in Sources */,
				BB0000000000000000000113 /* Cache.swift in Sources */,
				BB0000000000000000000131 /* OnlyExt.swift in Sources */,
			);
			runOnlyForDeploymentPostprocessing = 0;
		};
		CC0000000000000000000005 /* Sources */ = {
			isa = PBXSourcesBuildPhase;
			buildActionMask = 2147483647;
			files = (
				BB0000000000000000000060 /* FooTests.swift in Sources */,
				BB0000000000000000000070 /* Bar.swift in Sources */,
				BB0000000000000000000180 /* RateTests.swift in Sources */,
				BB0000000000000000000210 /* StateTests.swift in Sources */,
			);
			runOnlyForDeploymentPostprocessing = 0;
		};
		CC0000000000000000000007 /* Sources */ = {
			isa = PBXSourcesBuildPhase;
			buildActionMask = 2147483647;
			files = (
				BB0000000000000000000151 /* Kit.swift in Sources */,
			);
			runOnlyForDeploymentPostprocessing = 0;
		};
		CC0000000000000000000010 /* Sources */ = {
			isa = PBXSourcesBuildPhase;
			buildActionMask = 2147483647;
			files = (
				BB0000000000000000000170 /* SlowTests.swift in Sources */,
			);
			runOnlyForDeploymentPostprocessing = 0;
		};
/* End PBXSourcesBuildPhase section */

/* Begin PBXVariantGroup section */
		AA0000000000000000000201 /* Localizable.strings */ = {
			isa = PBXVariantGroup;
			children = (
				AA0000000000000000000210 /* en */,
			);
			name = Localizable.strings;
			sourceTree = "<group>";
		};
/* End PBXVariantGroup section */

/* Begin XCBuildConfiguration section */
		1000000000000000000000A1 /* Debug */ = {
			isa = XCBuildConfiguration;
			buildSettings = {
				SDKROOT = iphoneos;
				SWIFT_VERSION = 6.0;
			};
			name = Debug;
		};
		1000000000000000000000A2 /* Debug */ = {
			isa = XCBuildConfiguration;
			buildSettings = {
				PRODUCT_BUNDLE_IDENTIFIER = com.example.App;
				PRODUCT_NAME = "$(TARGET_NAME)";
			};
			name = Debug;
		};
		1000000000000000000000A3 /* Debug */ = {
			isa = XCBuildConfiguration;
			buildSettings = {
				PRODUCT_BUNDLE_IDENTIFIER = com.example.App.AppExtension;
				PRODUCT_NAME = "$(TARGET_NAME)";
			};
			name = Debug;
		};
		1000000000000000000000A4 /* Debug */ = {
			isa = XCBuildConfiguration;
			buildSettings = {
				PRODUCT_BUNDLE_IDENTIFIER = com.example.AppTests;
				PRODUCT_NAME = "$(TARGET_NAME)";
			};
			name = Debug;
		};
		1000000000000000000000A5 /* Debug */ = {
			isa = XCBuildConfiguration;
			buildSettings = {
				PRODUCT_BUNDLE_IDENTIFIER = com.example.AppKit;
				PRODUCT_NAME = "$(TARGET_NAME)";
			};
			name = Debug;
		};
		1000000000000000000000A6 /* Debug */ = {
			isa = XCBuildConfiguration;
			buildSettings = {
				PRODUCT_BUNDLE_IDENTIFIER = com.example.AppSlowTests;
				PRODUCT_NAME = "$(TARGET_NAME)";
			};
			name = Debug;
		};
/* End XCBuildConfiguration section */

/* Begin XCConfigurationList section */
		FF0000000000000000000001 /* Build configuration list for PBXProject "App" */ = {
			isa = XCConfigurationList;
			buildConfigurations = (
				1000000000000000000000A1 /* Debug */,
			);
			defaultConfigurationIsVisible = 0;
			defaultConfigurationName = Debug;
		};
		FF0000000000000000000002 /* Build configuration list for PBXNativeTarget "App" */ = {
			isa = XCConfigurationList;
			buildConfigurations = (
				1000000000000000000000A2 /* Debug */,
			);
			defaultConfigurationIsVisible = 0;
			defaultConfigurationName = Debug;
		};
		FF0000000000000000000003 /* Build configuration list for PBXNativeTarget "AppExtension" */ = {
			isa = XCConfigurationList;
			buildConfigurations = (
				1000000000000000000000A3 /* Debug */,
			);
			defaultConfigurationIsVisible = 0;
			defaultConfigurationName = Debug;
		};
		FF0000000000000000000004 /* Build configuration list for PBXNativeTarget "AppTests" */ = {
			isa = XCConfigurationList;
			buildConfigurations = (
				1000000000000000000000A4 /* Debug */,
			);
			defaultConfigurationIsVisible = 0;
			defaultConfigurationName = Debug;
		};
		FF0000000000000000000005 /* Build configuration list for PBXNativeTarget "AppKit" */ = {
			isa = XCConfigurationList;
			buildConfigurations = (
				1000000000000000000000A5 /* Debug */,
			);
			defaultConfigurationIsVisible = 0;
			defaultConfigurationName = Debug;
		};
		FF0000000000000000000006 /* Build configuration list for PBXNativeTarget "AppSlowTests" */ = {
			isa = XCConfigurationList;
			buildConfigurations = (
				1000000000000000000000A6 /* Debug */,
			);
			defaultConfigurationIsVisible = 0;
			defaultConfigurationName = Debug;
		};
/* End XCConfigurationList section */

/* Begin XCRemoteSwiftPackageReference section */
		EF0000000000000000000001 /* XCRemoteSwiftPackageReference */ = {
			isa = XCRemoteSwiftPackageReference;
			repositoryURL = "https://example.com/zero";
			requirement = {
				kind = upToNextMajorVersion;
				minimumVersion = 1.0.0;
			};
		};
/* End XCRemoteSwiftPackageReference section */
	};
	rootObject = EE0000000000000000000001 /* Project object */;
}
