// !$*UTF8*$!
{
	archiveVersion = 1;
	classes = {
	};
	objectVersion = 56;
	objects = {

/* Begin PBXBuildFile section */
		BF01 /* FooTests.swift in Sources */ = {isa = PBXBuildFile; fileRef = AB12 /* FooTests.swift */; };
/* End PBXBuildFile section */

/* Begin PBXFileReference section */
		AB12 /* FooTests.swift */ = {isa = PBXFileReference; lastKnownFileType = sourcecode.swift; path = FooTests.swift; sourceTree = "<group>"; };
/* End PBXFileReference section */

/* Begin PBXGroup section */
		G001 = {
			isa = PBXGroup;
			children = (
				G002 /* AppTests */,
			);
			sourceTree = "<group>";
		};
		G002 /* AppTests */ = {
			isa = PBXGroup;
			children = (
				AB12 /* FooTests.swift */,
			);
			path = AppTests;
			sourceTree = "<group>";
		};
/* End PBXGroup section */

/* Begin PBXNativeTarget section */
		T001 /* AppTests */ = {
			isa = PBXNativeTarget;
			buildPhases = (
				S001 /* Sources */,
			);
			name = AppTests;
			productName = AppTests;
			productType = "com.apple.product-type.bundle.unit-test";
		};
/* End PBXNativeTarget section */

/* Begin PBXProject section */
		P001 /* Project object */ = {
			isa = PBXProject;
			mainGroup = G001;
			targets = (
				T001 /* AppTests */,
			);
		};
/* End PBXProject section */

/* Begin PBXSourcesBuildPhase section */
		S001 /* Sources */ = {
			isa = PBXSourcesBuildPhase;
			files = (
			);
		};
/* End PBXSourcesBuildPhase section */
	};
	rootObject = P001 /* Project object */;
}
